
Microsoft Visual Studio Solution File, Format Version 12.00
# Visual Studio Version 16
VisualStudioVersion = 16.0.31321.278
MinimumVisualStudioVersion = 10.0.40219.1
Project("{FAE04EC0-301F-11D3-BF4B-00C04F79EFBC}") = "jiehuing.github.io", "jiehuing.github.io\jiehuing.github.io.csproj", "{76426980-C2D6-47FD-A8FF-145A4FE68CC2}"
EndProject
Global
	GlobalSection(SolutionConfigurationPlatforms) = preSolution
		Debug|Any CPU = Debug|Any CPU
		Release|Any CPU = Release|Any CPU
	EndGlobalSection
	GlobalSection(ProjectConfigurationPlatforms) = postSolution
		{76426980-C2D6-47FD-A8FF-145A4FE68CC2}.Debug|Any CPU.ActiveCfg = Debug|Any CPU
		{76426980-C2D6-47FD-A8FF-145A4FE68CC2}.Debug|Any CPU.Build.0 = Debug|Any CPU
		{76426980-C2D6-47FD-A8FF-145A4FE68CC2}.Release|Any CPU.ActiveCfg = Release|Any CPU
		{76426980-C2D6-47FD-A8FF-145A4FE68CC2}.Release|Any CPU.Build.0 = Release|Any CPU
	EndGlobalSection
	GlobalSection(SolutionProperties) = preSolution
		HideSolutionNode = FALSE
	EndGlobalSection
	GlobalSection(ExtensibilityGlobals) = postSolution
		SolutionGuid = {785A4F9E-84D0-40B5-8CCE-360FFBC2614B}
	EndGlobalSection
EndGlobal
